
Microsoft Visual Studio Solution File, Format Version 12.00
# Visual Studio Version 17
VisualStudioVersion = 17.11.35222.181
MinimumVisualStudioVersion = 10.0.40219.1
Project("{FAE04EC0-301F-11D3-BF4B-00C04F79EFBC}") = "G24W1501WPFDataGrid", "G24W1501WPFDataGrid\G24W1501WPFDataGrid.csproj", "{A7B49125-F394-4AD7-8008-ED215D8DA5C3}"
EndProject
Global
	GlobalSection(SolutionConfigurationPlatforms) = preSolution
		Debug|Any CPU = Debug|Any CPU
		Release|Any CPU = Release|Any CPU
	EndGlobalSection
	GlobalSection(ProjectConfigurationPlatforms) = postSolution
		{A7B49125-F394-4AD7-8008-ED215D8DA5C3}.Debug|Any CPU.ActiveCfg = Debug|Any CPU
		{A7B49125-F394-4AD7-8008-ED215D8DA5C3}.Debug|Any CPU.Build.0 = Debug|Any CPU
		{A7B49125-F394-4AD7-8008-ED215D8DA5C3}.Release|Any CPU.ActiveCfg = Release|Any CPU
		{A7B49125-F394-4AD7-8008-ED215D8DA5C3}.Release|Any CPU.Build.0 = Release|Any CPU
	EndGlobalSection
	GlobalSection(SolutionProperties) = preSolution
		HideSolutionNode = FALSE
	EndGlobalSection
	GlobalSection(ExtensibilityGlobals) = postSolution
		SolutionGuid = {76E5ECF5-4956-4ACA-8253-E540A80E2AA6}
	EndGlobalSection
EndGlobal
